
Microsoft Visual Studio Solution File, Format Version 12.00
# Visual Studio 15
VisualStudioVersion = 15.0.27130.2003
MinimumVisualStudioVersion = 10.0.40219.1
Project("{9A19103F-16F7-4668-BE54-9A1E7A4F7556}") = "vmstats", "vmstats\vmstats.csproj", "{C4648B24-5482-46E2-A1E2-CAC7C03D44DB}"
EndProject
Project("{9A19103F-16F7-4668-BE54-9A1E7A4F7556}") = "vmstats-lang", "vmstats-lang\vmstats-lang.csproj", "{EBF04009-4847-4D1D-8503-DC4EBB7BFD9A}"
EndProject
Project("{9A19103F-16F7-4668-BE54-9A1E7A4F7556}") = "transforms", "transforms\transforms.csproj", "{F770A89E-7EA5-4426-9300-307252123B30}"
EndProject
Project("{9A19103F-16F7-4668-BE54-9A1E7A4F7556}") = "webserver", "webserver\webserver.csproj", "{6F1BB835-9B68-487C-81A6-A13E11938F65}"
EndProject
Project("{2150E333-8FDC-42A3-9474-1A3956D46DE8}") = "Solution Items", "Solution Items", "{B8B80609-B206-465A-8EBB-DF8EC698FAFC}"
	ProjectSection(SolutionItems) = preProject
		config.txt = config.txt
		docker-compose.yml = docker-compose.yml
		NLog.config = NLog.config
	EndProjectSection
EndProject
Global
	GlobalSection(SolutionConfigurationPlatforms) = preSolution
		Debug|Any CPU = Debug|Any CPU
		Release|Any CPU = Release|Any CPU
	EndGlobalSection
	GlobalSection(ProjectConfigurationPlatforms) = postSolution
		{C4648B24-5482-46E2-A1E2-CAC7C03D44DB}.Debug|Any CPU.ActiveCfg = Debug|Any CPU
		{C4648B24-5482-46E2-A1E2-CAC7C03D44DB}.Debug|Any CPU.Build.0 = Debug|Any CPU
		{C4648B24-5482-46E2-A1E2-CAC7C03D44DB}.Release|Any CPU.ActiveCfg = Release|Any CPU
		{C4648B24-5482-46E2-A1E2-CAC7C03D44DB}.Release|Any CPU.Build.0 = Release|Any CPU
		{EBF04009-4847-4D1D-8503-DC4EBB7BFD9A}.Debug|Any CPU.ActiveCfg = Debug|Any CPU
		{EBF04009-4847-4D1D-8503-DC4EBB7BFD9A}.Debug|Any CPU.Build.0 = Debug|Any CPU
		{EBF04009-4847-4D1D-8503-DC4EBB7BFD9A}.Release|Any CPU.ActiveCfg = Release|Any CPU
		{EBF04009-4847-4D1D-8503-DC4EBB7BFD9A}.Release|Any CPU.Build.0 = Release|Any CPU
		{F770A89E-7EA5-4426-9300-307252123B30}.Debug|Any CPU.ActiveCfg = Debug|Any CPU
		{F770A89E-7EA5-4426-9300-307252123B30}.Debug|Any CPU.Build.0 = Debug|Any CPU
		{F770A89E-7EA5-4426-9300-307252123B30}.Release|Any CPU.ActiveCfg = Release|Any CPU
		{F770A89E-7EA5-4426-9300-307252123B30}.Release|Any CPU.Build.0 = Release|Any CPU
		{6F1BB835-9B68-487C-81A6-A13E11938F65}.Debug|Any CPU.ActiveCfg = Debug|Any CPU
		{6F1BB835-9B68-487C-81A6-A13E11938F65}.Debug|Any CPU.Build.0 = Debug|Any CPU
		{6F1BB835-9B68-487C-81A6-A13E11938F65}.Release|Any CPU.ActiveCfg = Release|Any CPU
		{6F1BB835-9B68-487C-81A6-A13E11938F65}.Release|Any CPU.Build.0 = Release|Any CPU
	EndGlobalSection
	GlobalSection(SolutionProperties) = preSolution
		HideSolutionNode = FALSE
	EndGlobalSection
	GlobalSection(ExtensibilityGlobals) = postSolution
		SolutionGuid = {C42D790C-C0F3-403B-82B6-BD5AECEA26CE}
	EndGlobalSection
EndGlobal
